// !$*UTF8*$!
{
	archiveVersion = 1;
	classes = {
	};
	objectVersion = 46;
	objects = {

/* Begin PBXBuildFile section */
		4168E0CA1C82A5B6000F8184 /* AppDelegate.swift in Sources */ = {isa = PBXBuildFile; fileRef = 4168E0C91C82A5B6000F8184 /* AppDelegate.swift */; };
		4168E0CC1C82A5B6000F8184 /* ViewController.swift in Sources */ = {isa = PBXBuildFile; fileRef = 4168E0CB1C82A5B6000F8184 /* ViewController.swift */; };
		4168E0CF1C82A5B6000F8184 /* Main.storyboard in Resources */ = {isa = PBXBuildFile; fileRef = 4168E0CD1C82A5B6000F8184 /* Main.storyboard */; };
		4168E0D21C82A5B6000F8184 /* Swift_CoreData.xcdatamodeld in Sources */ = {isa = PBXBuildFile; fileRef = 4168E0D01C82A5B6000F8184 /* Swift_CoreData.xcdatamodeld */; };
		4168E0D41C82A5B6000F8184 /* Assets.xcassets in Resources */ = {isa = PBXBuildFile; fileRef = 4168E0D31C82A5B6000F8184 /* Assets.xcassets */; };
		4168E0D71C82A5B6000F8184 /* LaunchScreen.storyboard in Resources */ = {isa = PBXBuildFile; fileRef = 4168E0D51C82A5B6000F8184 /* LaunchScreen.storyboard */; };
		4168E0E21C82A5B6000F8184 /* Swift_CoreDataTests.swift in Sources */ = {isa = PBXBuildFile; fileRef = 4168E0E11C82A5B6000F8184 /* Swift_CoreDataTests.swift */; };
		4168E0ED1C82A5B6000F8184 /* Swift_CoreDataUITests.swift in Sources */ = {isa = PBXBuildFile; fileRef = 4168E0EC1C82A5B6000F8184 /* Swift_CoreDataUITests.swift */; };
		4168E0FE1C82AC67000F8184 /* CoreData.framework in Frameworks */ = {isa = PBXBuildFile; fileRef = 4168E0FD1C82AC67000F8184 /* CoreData.framework */; };
/* End PBXBuildFile section */

/* Begin PBXContainerItemProxy section */
		4168E0DE1C82A5B6000F8184 /* PBXContainerItemProxy */ = {
			isa = PBXContainerItemProxy;
			containerPortal = 4168E0BE1C82A5B6000F8184 /* Project object */;
			proxyType = 1;
			remoteGlobalIDString = 4168E0C51C82A5B6000F8184;
			remoteInfo = "Swift-CoreData";
		};
		4168E0E91C82A5B6000F8184 /* PBXContainerItemProxy */ = {
			isa = PBXContainerItemProxy;
			containerPortal = 4168E0BE1C82A5B6000F8184 /* Project object */;
			proxyType = 1;
			remoteGlobalIDString = 4168E0C51C82A5B6000F8184;
			remoteInfo = "Swift-CoreData";
		};
/* End PBXContainerItemProxy section */

/* Begin PBXFileReference section */
		4168E0C61C82A5B6000F8184 /* Swift-CoreData.app */ = {isa = PBXFileReference; explicitFileType = wrapper.application; includeInIndex = 0; path = "Swift-CoreData.app"; sourceTree = BUILT_PRODUCTS_DIR; };
		4168E0C91C82A5B6000F8184 /* AppDelegate.swift */ = {isa = PBXFileReference; lastKnownFileType = sourcecode.swift; path = AppDelegate.swift; sourceTree = "<group>"; };
		4168E0CB1C82A5B6000F8184 /* ViewController.swift */ = {isa = PBXFileReference; lastKnownFileType = sourcecode.swift; path = ViewController.swift; sourceTree = "<group>"; };
		4168E0CE1C82A5B6000F8184 /* Base */ = {isa = PBXFileReference; lastKnownFileType = file.storyboard; name = Base; path = Base.lproj/Main.storyboard; sourceTree = "<group>"; };
		4168E0D11C82A5B6000F8184 /* Swift_CoreData.xcdatamodel */ = {isa = PBXFileReference; lastKnownFileType = wrapper.xcdatamodel; path = Swift_CoreData.xcdatamodel; sourceTree = "<group>"; };
		4168E0D31C82A5B6000F8184 /* Assets.xcassets */ = {isa = PBXFileReference; lastKnownFileType = folder.assetcatalog; path = Assets.xcassets; sourceTree = "<group>"; };
		4168E0D61C82A5B6000F8184 /* Base */ = {isa = PBXFileReference; lastKnownFileType = file.storyboard; name = Base; path = Base.lproj/LaunchScreen.storyboard; sourceTree = "<group>"; };
		4168E0D81C82A5B6000F8184 /* Info.plist */ = {isa = PBXFileReference; lastKnownFileType = text.plist.xml; path = Info.plist; sourceTree = "<group>"; };
		4168E0DD1C82A5B6000F8184 /* Swift-CoreDataTests.xctest */ = {isa = PBXFileReference; explicitFileType = wrapper.cfbundle; includeInIndex = 0; path = "Swift-CoreDataTests.xctest"; sourceTree = BUILT_PRODUCTS_DIR; };
		4168E0E11C82A5B6000F8184 /* Swift_CoreDataTests.swift */ = {isa = PBXFileReference; lastKnownFileType = sourcecode.swift; path = Swift_CoreDataTests.swift; sourceTree = "<group>"; };
		4168E0E31C82A5B6000F8184 /* Info.plist */ = {isa = PBXFileReference; lastKnownFileType = text.plist.xml; path = Info.plist; sourceTree = "<group>"; };
		4168E0E81C82A5B6000F8184 /* Swift-CoreDataUITests.xctest */ = {isa = PBXFileReference; explicitFileType = wrapper.cfbundle; includeInIndex = 0; path = "Swift-CoreDataUITests.xctest"; sourceTree = BUILT_PRODUCTS_DIR; };
		4168E0EC1C82A5B6000F8184 /* Swift_CoreDataUITests.swift */ = {isa = PBXFileReference; lastKnownFileType = sourcecode.swift; path = Swift_CoreDataUITests.swift; sourceTree = "<group>"; };
		4168E0EE1C82A5B6000F8184 /* Info.plist */ = {isa = PBXFileReference; lastKnownFileType = text.plist.xml; path = Info.plist; sourceTree = "<group>"; };
		4168E0FD1C82AC67000F8184 /* CoreData.framework */ = {isa = PBXFileReference; lastKnownFileType = wrapper.framework; name = CoreData.framework; path = System/Library/Frameworks/CoreData.framework; sourceTree = SDKROOT; };
/* End PBXFileReference section */

/* Begin PBXFrameworksBuildPhase section */
		4168E0C31C82A5B6000F8184 /* Frameworks */ = {
			isa = PBXFrameworksBuildPhase;
			buildActionMask = 2147483647;
			files = (
				4168E0FE1C82AC67000F8184 /* CoreData.framework in Frameworks */,
			);
			runOnlyForDeploymentPostprocessing = 0;
		};
		4168E0DA1C82A5B6000F8184 /* Frameworks */ = {
			isa = PBXFrameworksBuildPhase;
			buildActionMask = 2147483647;
			files = (
			);
			runOnlyForDeploymentPostprocessing = 0;
		};
		4168E0E51C82A5B6000F8184 /* Frameworks */ = {
			isa = PBXFrameworksBuildPhase;
			buildActionMask = 2147483647;
			files = (
			);
			runOnlyForDeploymentPostprocessing = 0;
		};
/* End PBXFrameworksBuildPhase section */

/* Begin PBXGroup section */
		4168E0BD1C82A5B6000F8184 = {
			isa = PBXGroup;
			children = (
				4168E0FC1C82AC5E000F8184 /* Frameworks */,
				4168E0C81C82A5B6000F8184 /* Swift-CoreData */,
				4168E0E01C82A5B6000F8184 /* Swift-CoreDataTests */,
				4168E0EB1C82A5B6000F8184 /* Swift-CoreDataUITests */,
				4168E0C71C82A5B6000F8184 /* Products */,
			);
			sourceTree = "<group>";
		};
		4168E0C71C82A5B6000F8184 /* Products */ = {
			isa = PBXGroup;
			children = (
				4168E0C61C82A5B6000F8184 /* Swift-CoreData.app */,
				4168E0DD1C82A5B6000F8184 /* Swift-CoreDataTests.xctest */,
				4168E0E81C82A5B6000F8184 /* Swift-CoreDataUITests.xctest */,
			);
			name = Products;
			sourceTree = "<group>";
		};
		4168E0C81C82A5B6000F8184 /* Swift-CoreData */ = {
			isa = PBXGroup;
			children = (
				4168E0C91C82A5B6000F8184 /* AppDelegate.swift */,
				4168E0CB1C82A5B6000F8184 /* ViewController.swift */,
				4168E0CD1C82A5B6000F8184 /* Main.storyboard */,
				4168E0D31C82A5B6000F8184 /* Assets.xcassets */,
				4168E0D51C82A5B6000F8184 /* LaunchScreen.storyboard */,
				4168E0D81C82A5B6000F8184 /* Info.plist */,
				4168E0D01C82A5B6000F8184 /* Swift_CoreData.xcdatamodeld */,
			);
			path = "Swift-CoreData";
			sourceTree = "<group>";
		};
		4168E0E01C82A5B6000F8184 /* Swift-CoreDataTests */ = {
			isa = PBXGroup;
			children = (
				4168E0E11C82A5B6000F8184 /* Swift_CoreDataTests.swift */,
				4168E0E31C82A5B6000F8184 /* Info.plist */,
			);
			path = "Swift-CoreDataTests";
			sourceTree = "<group>";
		};
		4168E0EB1C82A5B6000F8184 /* Swift-CoreDataUITests */ = {
			isa = PBXGroup;
			children = (
				4168E0EC1C82A5B6000F8184 /* Swift_CoreDataUITests.swift */,
				4168E0EE1C82A5B6000F8184 /* Info.plist */,
			);
			path = "Swift-CoreDataUITests";
			sourceTree = "<group>";
		};
		4168E0FC1C82AC5E000F8184 /* Frameworks */ = {
			isa = PBXGroup;
			children = (
				4168E0FD1C82AC67000F8184 /* CoreData.framework */,
			);
			path = Frameworks;
			sourceTree = "<group>";
		};
/* End PBXGroup section */

/* Begin PBXNativeTarget section */
		4168E0C51C82A5B6000F8184 /* Swift-CoreData */ = {
			isa = PBXNativeTarget;
			buildConfigurationList = 4168E0F11C82A5B6000F8184 /* Build configuration list for PBXNativeTarget "Swift-CoreData" */;
			buildPhases = (
				4168E0C21C82A5B6000F8184 /* Sources */,
				4168E0C31C82A5B6000F8184 /* Frameworks */,
				4168E0C41C82A5B6000F8184 /* Resources */,
			);
			buildRules = (
			);
			dependencies = (
			);
			name = "Swift-CoreData";
			productName = "Swift-CoreData";
			productReference = 4168E0C61C82A5B6000F8184 /* Swift-CoreData.app */;
			productType = "com.apple.product-type.application";
		};
		4168E0DC1C82A5B6000F8184 /* Swift-CoreDataTests */ = {
			isa = PBXNativeTarget;
			buildConfigurationList = 4168E0F41C82A5B6000F8184 /* Build configuration list for PBXNativeTarget "Swift-CoreDataTests" */;
			buildPhases = (
				4168E0D91C82A5B6000F8184 /* Sources */,
				4168E0DA1C82A5B6000F8184 /* Frameworks */,
				4168E0DB1C82A5B6000F8184 /* Resources */,
			);
			buildRules = (
			);
			dependencies = (
				4168E0DF1C82A5B6000F8184 /* PBXTargetDependency */,
			);
			name = "Swift-CoreDataTests";
			productName = "Swift-CoreDataTests";
			productReference = 4168E0DD1C82A5B6000F8184 /* Swift-CoreDataTests.xctest */;
			productType = "com.apple.product-type.bundle.unit-test";
		};
		4168E0E71C82A5B6000F8184 /* Swift-CoreDataUITests */ = {
			isa = PBXNativeTarget;
			buildConfigurationList = 4168E0F71C82A5B6000F8184 /* Build configuration list for PBXNativeTarget "Swift-CoreDataUITests" */;
			buildPhases = (
				4168E0E41C82A5B6000F8184 /* Sources */,
				4168E0E51C82A5B6000F8184 /* Frameworks */,
				4168E0E61C82A5B6000F8184 /* Resources */,
			);
			buildRules = (
			);
			dependencies = (
				4168E0EA1C82A5B6000F8184 /* PBXTargetDependency */,
			);
			name = "Swift-CoreDataUITests";
			productName = "Swift-CoreDataUITests";
			productReference = 4168E0E81C82A5B6000F8184 /* Swift-CoreDataUITests.xctest */;
			productType = "com.apple.product-type.bundle.ui-testing";
		};
/* End PBXNativeTarget section */

/* Begin PBXProject section */
		4168E0BE1C82A5B6000F8184 /* Project object */ = {
			isa = PBXProject;
			attributes = {
				LastSwiftUpdateCheck = 0720;
				LastUpgradeCheck = 0720;
				ORGANIZATIONNAME = Asahi_Kuang;
				TargetAttributes = {
					4168E0C51C82A5B6000F8184 = {
						CreatedOnToolsVersion = 7.2;
					};
					4168E0DC1C82A5B6000F8184 = {
						CreatedOnToolsVersion = 7.2;
						TestTargetID = 4168E0C51C82A5B6000F8184;
					};
					4168E0E71C82A5B6000F8184 = {
						CreatedOnToolsVersion = 7.2;
						TestTargetID = 4168E0C51C82A5B6000F8184;
					};
				};
			};
			buildConfigurationList = 4168E0C11C82A5B6000F8184 /* Build configuration list for PBXProject "Swift-CoreData" */;
			compatibilityVersion = "Xcode 3.2";
			developmentRegion = English;
			hasScannedForEncodings = 0;
			knownRegions = (
				en,
				Base,
			);
			mainGroup = 4168E0BD1C82A5B6000F8184;
			productRefGroup = 4168E0C71C82A5B6000F8184 /* Products */;
			projectDirPath = "";
			projectRoot = "";
			targets = (
				4168E0C51C82A5B6000F8184 /* Swift-CoreData */,
				4168E0DC1C82A5B6000F8184 /* Swift-CoreDataTests */,
				4168E0E71C82A5B6000F8184 /* Swift-CoreDataUITests */,
			);
		};
/* End PBXProject section */

/* Begin PBXResourcesBuildPhase section */
		4168E0C41C82A5B6000F8184 /* Resources */ = {
			isa = PBXResourcesBuildPhase;
			buildActionMask = 2147483647;
			files = (
				4168E0D71C82A5B6000F8184 /* LaunchScreen.storyboard in Resources */,
				4168E0D41C82A5B6000F8184 /* Assets.xcassets in Resources */,
				4168E0CF1C82A5B6000F8184 /* Main.storyboard in Resources */,
			);
			runOnlyForDeploymentPostprocessing = 0;
		};
		4168E0DB1C82A5B6000F8184 /* Resources */ = {
			isa = PBXResourcesBuildPhase;
			buildActionMask = 2147483647;
			files = (
			);
			runOnlyForDeploymentPostprocessing = 0;
		};
		4168E0E61C82A5B6000F8184 /* Resources */ = {
			isa = PBXResourcesBuildPhase;
			buildActionMask = 2147483647;
			files = (
			);
			runOnlyForDeploymentPostprocessing = 0;
		};
/* End PBXResourcesBuildPhase section */

/* Begin PBXSourcesBuildPhase section */
		4168E0C21C82A5B6000F8184 /* Sources */ = {
			isa = PBXSourcesBuildPhase;
			buildActionMask = 2147483647;
			files = (
				4168E0D21C82A5B6000F8184 /* Swift_CoreData.xcdatamodeld in Sources */,
				4168E0CC1C82A5B6000F8184 /* ViewController.swift in Sources */,
				4168E0CA1C82A5B6000F8184 /* AppDelegate.swift in Sources */,
			);
			runOnlyForDeploymentPostprocessing = 0;
		};
		4168E0D91C82A5B6000F8184 /* Sources */ = {
			isa = PBXSourcesBuildPhase;
			buildActionMask = 2147483647;
			files = (
				4168E0E21C82A5B6000F8184 /* Swift_CoreDataTests.swift in Sources */,
			);
			runOnlyForDeploymentPostprocessing = 0;
		};
		4168E0E41C82A5B6000F8184 /* Sources */ = {
			isa = PBXSourcesBuildPhase;
			buildActionMask = 2147483647;
			files = (
				4168E0ED1C82A5B6000F8184 /* Swift_CoreDataUITests.swift in Sources */,
			);
			runOnlyForDeploymentPostprocessing = 0;
		};
/* End PBXSourcesBuildPhase section */

/* Begin PBXTargetDependency section */
		4168E0DF1C82A5B6000F8184 /* PBXTargetDependency */ = {
			isa = PBXTargetDependency;
			target = 4168E0C51C82A5B6000F8184 /* Swift-CoreData */;
			targetProxy = 4168E0DE1C82A5B6000F8184 /* PBXContainerItemProxy */;
		};
		4168E0EA1C82A5B6000F8184 /* PBXTargetDependency */ = {
			isa = PBXTargetDependency;
			target = 4168E0C51C82A5B6000F8184 /* Swift-CoreData */;
			targetProxy = 4168E0E91C82A5B6000F8184 /* PBXContainerItemProxy */;
		};
/* End PBXTargetDependency section */

/* Begin PBXVariantGroup section */
		4168E0CD1C82A5B6000F8184 /* Main.storyboard */ = {
			isa = PBXVariantGroup;
			children = (
				4168E0CE1C82A5B6000F8184 /* Base */,
			);
			name = Main.storyboard;
			sourceTree = "<group>";
		};
		4168E0D51C82A5B6000F8184 /* LaunchScreen.storyboard */ = {
			isa = PBXVariantGroup;
			children = (
				4168E0D61C82A5B6000F8184 /* Base */,
			);
			name = LaunchScreen.storyboard;
			sourceTree = "<group>";
		};
/* End PBXVariantGroup section */

/* Begin XCBuildConfiguration section */
		4168E0EF1C82A5B6000F8184 /* Debug */ = {
			isa = XCBuildConfiguration;
			buildSettings = {
				ALWAYS_SEARCH_USER_PATHS = NO;
				CLANG_CXX_LANGUAGE_STANDARD = "gnu++0x";
				CLANG_CXX_LIBRARY = "libc++";
				CLANG_ENABLE_MODULES = YES;
				CLANG_ENABLE_OBJC_ARC = YES;
				CLANG_WARN_BOOL_CONVERSION = YES;
				CLANG_WARN_CONSTANT_CONVERSION = YES;
				CLANG_WARN_DIRECT_OBJC_ISA_USAGE = YES_ERROR;
				CLANG_WARN_EMPTY_BODY = YES;
				CLANG_WARN_ENUM_CONVERSION = YES;
				CLANG_WARN_INT_CONVERSION = YES;
				CLANG_WARN_OBJC_ROOT_CLASS = YES_ERROR;
				CLANG_WARN_UNREACHABLE_CODE = YES;
				CLANG_WARN__DUPLICATE_METHOD_MATCH = YES;
				"CODE_SIGN_IDENTITY[sdk=iphoneos*]" = "iPhone Developer";
				COPY_PHASE_STRIP = NO;
				DEBUG_INFORMATION_FORMAT = dwarf;
				ENABLE_STRICT_OBJC_MSGSEND = YES;
				ENABLE_TESTABILITY = YES;
				GCC_C_LANGUAGE_STANDARD = gnu99;
				GCC_DYNAMIC_NO_PIC = NO;
				GCC_NO_COMMON_BLOCKS = YES;
				GCC_OPTIMIZATION_LEVEL = 0;
				GCC_PREPROCESSOR_DEFINITIONS = (
					"DEBUG=1",
					"$(inherited)",
				);
				GCC_WARN_64_TO_32_BIT_CONVERSION = YES;
				GCC_WARN_ABOUT_RETURN_TYPE = YES_ERROR;
				GCC_WARN_UNDECLARED_SELECTOR = YES;
				GCC_WARN_UNINITIALIZED_AUTOS = YES_AGGRESSIVE;
				GCC_WARN_UNUSED_FUNCTION = YES;
				GCC_WARN_UNUSED_VARIABLE = YES;
				IPHONEOS_DEPLOYMENT_TARGET = 9.2;
				MTL_ENABLE_DEBUG_INFO = YES;
				ONLY_ACTIVE_ARCH = YES;
				SDKROOT = iphoneos;
				SWIFT_OPTIMIZATION_LEVEL = "-Onone";
			};
			name = Debug;
		};
		4168E0F01C82A5B6000F8184 /* Release */ = {
			isa = XCBuildConfiguration;
			buildSettings = {
				ALWAYS_SEARCH_USER_PATHS = NO;
				CLANG_CXX_LANGUAGE_STANDARD = "gnu++0x";
				CLANG_CXX_LIBRARY = "libc++";
				CLANG_ENABLE_MODULES = YES;
				CLANG_ENABLE_OBJC_ARC = YES;
				CLANG_WARN_BOOL_CONVERSION = YES;
				CLANG_WARN_CONSTANT_CONVERSION = YES;
				CLANG_WARN_DIRECT_OBJC_ISA_USAGE = YES_ERROR;
				CLANG_WARN_EMPTY_BODY = YES;
				CLANG_WARN_ENUM_CONVERSION = YES;
				CLANG_WARN_INT_CONVERSION = YES;
				CLANG_WARN_OBJC_ROOT_CLASS = YES_ERROR;
				CLANG_WARN_UNREACHABLE_CODE = YES;
				CLANG_WARN__DUPLICATE_METHOD_MATCH = YES;
				"CODE_SIGN_IDENTITY[sdk=iphoneos*]" = "iPhone Developer";
				COPY_PHASE_STRIP = NO;
				DEBUG_INFORMATION_FORMAT = "dwarf-with-dsym";
				ENABLE_NS_ASSERTIONS = NO;
				ENABLE_STRICT_OBJC_MSGSEND = YES;
				GCC_C_LANGUAGE_STANDARD = gnu99;
				GCC_NO_COMMON_BLOCKS = YES;
				GCC_WARN_64_TO_32_BIT_CONVERSION = YES;
				GCC_WARN_ABOUT_RETURN_TYPE = YES_ERROR;
				GCC_WARN_UNDECLARED_SELECTOR = YES;
				GCC_WARN_UNINITIALIZED_AUTOS = YES_AGGRESSIVE;
				GCC_WARN_UNUSED_FUNCTION = YES;
				GCC_WARN_UNUSED_VARIABLE = YES;
				IPHONEOS_DEPLOYMENT_TARGET = 9.2;
				MTL_ENABLE_DEBUG_INFO = NO;
				SDKROOT = iphoneos;
				VALIDATE_PRODUCT = YES;
			};
			name = Release;
		};
		4168E0F21C82A5B6000F8184 /* Debug */ = {
			isa = XCBuildConfiguration;
			buildSettings = {
				ASSETCATALOG_COMPILER_APPICON_NAME = AppIcon;
				INFOPLIST_FILE = "Swift-CoreData/Info.plist";
				LD_RUNPATH_SEARCH_PATHS = "$(inherited) @executable_path/Frameworks";
				PRODUCT_BUNDLE_IDENTIFIER = "com.asahiKuang.Swift-CoreData";
				PRODUCT_NAME = "$(TARGET_NAME)";
			};
			name = Debug;
		};
		4168E0F31C82A5B6000F8184 /* Release */ = {
			isa = XCBuildConfiguration;
			buildSettings = {
				ASSETCATALOG_COMPILER_APPICON_NAME = AppIcon;
				INFOPLIST_FILE = "Swift-CoreData/Info.plist";
				LD_RUNPATH_SEARCH_PATHS = "$(inherited) @executable_path/Frameworks";
				PRODUCT_BUNDLE_IDENTIFIER = "com.asahiKuang.Swift-CoreData";
				PRODUCT_NAME = "$(TARGET_NAME)";
			};
			name = Release;
		};
		4168E0F51C82A5B6000F8184 /* Debug */ = {
			isa = XCBuildConfiguration;
			buildSettings = {
				BUNDLE_LOADER = "$(TEST_HOST)";
				INFOPLIST_FILE = "Swift-CoreDataTests/Info.plist";
				LD_RUNPATH_SEARCH_PATHS = "$(inherited) @executable_path/Frameworks @loader_path/Frameworks";
				PRODUCT_BUNDLE_IDENTIFIER = "com.asahiKuang.Swift-CoreDataTests";
				PRODUCT_NAME = "$(TARGET_NAME)";
				TEST_HOST = "$(BUILT_PRODUCTS_DIR)/Swift-CoreData.app/Swift-CoreData";
			};
			name = Debug;
		};
		4168E0F61C82A5B6000F8184 /* Release */ = {
			isa = XCBuildConfiguration;
			buildSettings = {
				BUNDLE_LOADER = "$(TEST_HOST)";
				INFOPLIST_FILE = "Swift-CoreDataTests/Info.plist";
				LD_RUNPATH_SEARCH_PATHS = "$(inherited) @executable_path/Frameworks @loader_path/Frameworks";
				PRODUCT_BUNDLE_IDENTIFIER = "com.asahiKuang.Swift-CoreDataTests";
				PRODUCT_NAME = "$(TARGET_NAME)";
				TEST_HOST = "$(BUILT_PRODUCTS_DIR)/Swift-CoreData.app/Swift-CoreData";
			};
			name = Release;
		};
		4168E0F81C82A5B6000F8184 /* Debug */ = {
			isa = XCBuildConfiguration;
			buildSettings = {
				INFOPLIST_FILE = "Swift-CoreDataUITests/Info.plist";
				LD_RUNPATH_SEARCH_PATHS = "$(inherited) @executable_path/Frameworks @loader_path/Frameworks";
				PRODUCT_BUNDLE_IDENTIFIER = "com.asahiKuang.Swift-CoreDataUITests";
				PRODUCT_NAME = "$(TARGET_NAME)";
				TEST_TARGET_NAME = "Swift-CoreData";
				USES_XCTRUNNER = YES;
			};
			name = Debug;
		};
		4168E0F91C82A5B6000F8184 /* Release */ = {
			isa = XCBuildConfiguration;
			buildSettings = {
				INFOPLIST_FILE = "Swift-CoreDataUITests/Info.plist";
				LD_RUNPATH_SEARCH_PATHS = "$(inherited) @executable_path/Frameworks @loader_path/Frameworks";
				PRODUCT_BUNDLE_IDENTIFIER = "com.asahiKuang.Swift-CoreDataUITests";
				PRODUCT_NAME = "$(TARGET_NAME)";
				TEST_TARGET_NAME = "Swift-CoreData";
				USES_XCTRUNNER = YES;
			};
			name = Release;
		};
/* End XCBuildConfiguration section */

/* Begin XCConfigurationList section */
		4168E0C11C82A5B6000F8184 /* Build configuration list for PBXProject "Swift-CoreData" */ = {
			isa = XCConfigurationList;
			buildConfigurations = (
				4168E0EF1C82A5B6000F8184 /* Debug */,
				4168E0F01C82A5B6000F8184 /* Release */,
			);
			defaultConfigurationIsVisible = 0;
			defaultConfigurationName = Release;
		};
		4168E0F11C82A5B6000F8184 /* Build configuration list for PBXNativeTarget "Swift-CoreData" */ = {
			isa = XCConfigurationList;
			buildConfigurations = (
				4168E0F21C82A5B6000F8184 /* Debug */,
				4168E0F31C82A5B6000F8184 /* Release */,
			);
			defaultConfigurationIsVisible = 0;
		};
		4168E0F41C82A5B6000F8184 /* Build configuration list for PBXNativeTarget "Swift-CoreDataTests" */ = {
			isa = XCConfigurationList;
			buildConfigurations = (
				4168E0F51C82A5B6000F8184 /* Debug */,
				4168E0F61C82A5B6000F8184 /* Release */,
			);
			defaultConfigurationIsVisible = 0;
		};
		4168E0F71C82A5B6000F8184 /* Build configuration list for PBXNativeTarget "Swift-CoreDataUITests" */ = {
			isa = XCConfigurationList;
			buildConfigurations = (
				4168E0F81C82A5B6000F8184 /* Debug */,
				4168E0F91C82A5B6000F8184 /* Release */,
			);
			defaultConfigurationIsVisible = 0;
		};
/* End XCConfigurationList section */

/* Begin XCVersionGroup section */
		4168E0D01C82A5B6000F8184 /* Swift_CoreData.xcdatamodeld */ = {
			isa = XCVersionGroup;
			children = (
				4168E0D11C82A5B6000F8184 /* Swift_CoreData.xcdatamodel */,
			);
			currentVersion = 4168E0D11C82A5B6000F8184 /* Swift_CoreData.xcdatamodel */;
			path = Swift_CoreData.xcdatamodeld;
			sourceTree = "<group>";
			versionGroupType = wrapper.xcdatamodel;
		};
/* End XCVersionGroup section */
	};
	rootObject = 4168E0BE1C82A5B6000F8184 /* Project object */;
}
