// !$*UTF8*$!
{
	archiveVersion = 1;
	classes = {
	};
	objectVersion = 46;
	objects = {

/* Begin PBXBuildFile section */
		4168E10F1C82D52A000F8184 /* main.m in Sources */ = {isa = PBXBuildFile; fileRef = 4168E10E1C82D52A000F8184 /* main.m */; };
		4168E1121C82D52A000F8184 /* AppDelegate.m in Sources */ = {isa = PBXBuildFile; fileRef = 4168E1111C82D52A000F8184 /* AppDelegate.m */; };
		4168E1151C82D52A000F8184 /* ViewController.m in Sources */ = {isa = PBXBuildFile; fileRef = 4168E1141C82D52A000F8184 /* ViewController.m */; };
		4168E1181C82D52A000F8184 /* Main.storyboard in Resources */ = {isa = PBXBuildFile; fileRef = 4168E1161C82D52A000F8184 /* Main.storyboard */; };
		4168E11B1C82D52A000F8184 /* Objective_C_CoreData.xcdatamodeld in Sources */ = {isa = PBXBuildFile; fileRef = 4168E1191C82D52A000F8184 /* Objective_C_CoreData.xcdatamodeld */; };
		4168E11D1C82D52A000F8184 /* Assets.xcassets in Resources */ = {isa = PBXBuildFile; fileRef = 4168E11C1C82D52A000F8184 /* Assets.xcassets */; };
		4168E1201C82D52A000F8184 /* LaunchScreen.storyboard in Resources */ = {isa = PBXBuildFile; fileRef = 4168E11E1C82D52A000F8184 /* LaunchScreen.storyboard */; };
		4168E12B1C82D52A000F8184 /* Objective_C_CoreDataTests.m in Sources */ = {isa = PBXBuildFile; fileRef = 4168E12A1C82D52A000F8184 /* Objective_C_CoreDataTests.m */; };
		4168E1361C82D52A000F8184 /* Objective_C_CoreDataUITests.m in Sources */ = {isa = PBXBuildFile; fileRef = 4168E1351C82D52A000F8184 /* Objective_C_CoreDataUITests.m */; };
		4168E1451C82D7DB000F8184 /* CoreData.framework in Frameworks */ = {isa = PBXBuildFile; fileRef = 4168E1441C82D7DB000F8184 /* CoreData.framework */; };
/* End PBXBuildFile section */

/* Begin PBXContainerItemProxy section */
		4168E1271C82D52A000F8184 /* PBXContainerItemProxy */ = {
			isa = PBXContainerItemProxy;
			containerPortal = 4168E1021C82D52A000F8184 /* Project object */;
			proxyType = 1;
			remoteGlobalIDString = 4168E1091C82D52A000F8184;
			remoteInfo = "Objective-C_CoreData";
		};
		4168E1321C82D52A000F8184 /* PBXContainerItemProxy */ = {
			isa = PBXContainerItemProxy;
			containerPortal = 4168E1021C82D52A000F8184 /* Project object */;
			proxyType = 1;
			remoteGlobalIDString = 4168E1091C82D52A000F8184;
			remoteInfo = "Objective-C_CoreData";
		};
/* End PBXContainerItemProxy section */

/* Begin PBXFileReference section */
		4168E10A1C82D52A000F8184 /* Objective-C_CoreData.app */ = {isa = PBXFileReference; explicitFileType = wrapper.application; includeInIndex = 0; path = "Objective-C_CoreData.app"; sourceTree = BUILT_PRODUCTS_DIR; };
		4168E10E1C82D52A000F8184 /* main.m */ = {isa = PBXFileReference; lastKnownFileType = sourcecode.c.objc; path = main.m; sourceTree = "<group>"; };
		4168E1101C82D52A000F8184 /* AppDelegate.h */ = {isa = PBXFileReference; lastKnownFileType = sourcecode.c.h; path = AppDelegate.h; sourceTree = "<group>"; };
		4168E1111C82D52A000F8184 /* AppDelegate.m */ = {isa = PBXFileReference; lastKnownFileType = sourcecode.c.objc; path = AppDelegate.m; sourceTree = "<group>"; };
		4168E1131C82D52A000F8184 /* ViewController.h */ = {isa = PBXFileReference; lastKnownFileType = sourcecode.c.h; path = ViewController.h; sourceTree = "<group>"; };
		4168E1141C82D52A000F8184 /* ViewController.m */ = {isa = PBXFileReference; lastKnownFileType = sourcecode.c.objc; path = ViewController.m; sourceTree = "<group>"; };
		4168E1171C82D52A000F8184 /* Base */ = {isa = PBXFileReference; lastKnownFileType = file.storyboard; name = Base; path = Base.lproj/Main.storyboard; sourceTree = "<group>"; };
		4168E11A1C82D52A000F8184 /* Objective_C_CoreData.xcdatamodel */ = {isa = PBXFileReference; lastKnownFileType = wrapper.xcdatamodel; path = Objective_C_CoreData.xcdatamodel; sourceTree = "<group>"; };
		4168E11C1C82D52A000F8184 /* Assets.xcassets */ = {isa = PBXFileReference; lastKnownFileType = folder.assetcatalog; path = Assets.xcassets; sourceTree = "<group>"; };
		4168E11F1C82D52A000F8184 /* Base */ = {isa = PBXFileReference; lastKnownFileType = file.storyboard; name = Base; path = Base.lproj/LaunchScreen.storyboard; sourceTree = "<group>"; };
		4168E1211C82D52A000F8184 /* Info.plist */ = {isa = PBXFileReference; lastKnownFileType = text.plist.xml; path = Info.plist; sourceTree = "<group>"; };
		4168E1261C82D52A000F8184 /* Objective-C_CoreDataTests.xctest */ = {isa = PBXFileReference; explicitFileType = wrapper.cfbundle; includeInIndex = 0; path = "Objective-C_CoreDataTests.xctest"; sourceTree = BUILT_PRODUCTS_DIR; };
		4168E12A1C82D52A000F8184 /* Objective_C_CoreDataTests.m */ = {isa = PBXFileReference; lastKnownFileType = sourcecode.c.objc; path = Objective_C_CoreDataTests.m; sourceTree = "<group>"; };
		4168E12C1C82D52A000F8184 /* Info.plist */ = {isa = PBXFileReference; lastKnownFileType = text.plist.xml; path = Info.plist; sourceTree = "<group>"; };
		4168E1311C82D52A000F8184 /* Objective-C_CoreDataUITests.xctest */ = {isa = PBXFileReference; explicitFileType = wrapper.cfbundle; includeInIndex = 0; path = "Objective-C_CoreDataUITests.xctest"; sourceTree = BUILT_PRODUCTS_DIR; };
		4168E1351C82D52A000F8184 /* Objective_C_CoreDataUITests.m */ = {isa = PBXFileReference; lastKnownFileType = sourcecode.c.objc; path = Objective_C_CoreDataUITests.m; sourceTree = "<group>"; };
		4168E1371C82D52A000F8184 /* Info.plist */ = {isa = PBXFileReference; lastKnownFileType = text.plist.xml; path = Info.plist; sourceTree = "<group>"; };
		4168E1441C82D7DB000F8184 /* CoreData.framework */ = {isa = PBXFileReference; lastKnownFileType = wrapper.framework; name = CoreData.framework; path = System/Library/Frameworks/CoreData.framework; sourceTree = SDKROOT; };
/* End PBXFileReference section */

/* Begin PBXFrameworksBuildPhase section */
		4168E1071C82D52A000F8184 /* Frameworks */ = {
			isa = PBXFrameworksBuildPhase;
			buildActionMask = 2147483647;
			files = (
				4168E1451C82D7DB000F8184 /* CoreData.framework in Frameworks */,
			);
			runOnlyForDeploymentPostprocessing = 0;
		};
		4168E1231C82D52A000F8184 /* Frameworks */ = {
			isa = PBXFrameworksBuildPhase;
			buildActionMask = 2147483647;
			files = (
			);
			runOnlyForDeploymentPostprocessing = 0;
		};
		4168E12E1C82D52A000F8184 /* Frameworks */ = {
			isa = PBXFrameworksBuildPhase;
			buildActionMask = 2147483647;
			files = (
			);
			runOnlyForDeploymentPostprocessing = 0;
		};
/* End PBXFrameworksBuildPhase section */

/* Begin PBXGroup section */
		4168E1011C82D52A000F8184 = {
			isa = PBXGroup;
			children = (
				4168E1431C82D7D5000F8184 /* Frameworks */,
				4168E10C1C82D52A000F8184 /* Objective-C_CoreData */,
				4168E1291C82D52A000F8184 /* Objective-C_CoreDataTests */,
				4168E1341C82D52A000F8184 /* Objective-C_CoreDataUITests */,
				4168E10B1C82D52A000F8184 /* Products */,
			);
			sourceTree = "<group>";
		};
		4168E10B1C82D52A000F8184 /* Products */ = {
			isa = PBXGroup;
			children = (
				4168E10A1C82D52A000F8184 /* Objective-C_CoreData.app */,
				4168E1261C82D52A000F8184 /* Objective-C_CoreDataTests.xctest */,
				4168E1311C82D52A000F8184 /* Objective-C_CoreDataUITests.xctest */,
			);
			name = Products;
			sourceTree = "<group>";
		};
		4168E10C1C82D52A000F8184 /* Objective-C_CoreData */ = {
			isa = PBXGroup;
			children = (
				4168E1101C82D52A000F8184 /* AppDelegate.h */,
				4168E1111C82D52A000F8184 /* AppDelegate.m */,
				4168E1131C82D52A000F8184 /* ViewController.h */,
				4168E1141C82D52A000F8184 /* ViewController.m */,
				4168E1161C82D52A000F8184 /* Main.storyboard */,
				4168E11C1C82D52A000F8184 /* Assets.xcassets */,
				4168E11E1C82D52A000F8184 /* LaunchScreen.storyboard */,
				4168E1211C82D52A000F8184 /* Info.plist */,
				4168E1191C82D52A000F8184 /* Objective_C_CoreData.xcdatamodeld */,
				4168E10D1C82D52A000F8184 /* Supporting Files */,
			);
			path = "Objective-C_CoreData";
			sourceTree = "<group>";
		};
		4168E10D1C82D52A000F8184 /* Supporting Files */ = {
			isa = PBXGroup;
			children = (
				4168E10E1C82D52A000F8184 /* main.m */,
			);
			name = "Supporting Files";
			sourceTree = "<group>";
		};
		4168E1291C82D52A000F8184 /* Objective-C_CoreDataTests */ = {
			isa = PBXGroup;
			children = (
				4168E12A1C82D52A000F8184 /* Objective_C_CoreDataTests.m */,
				4168E12C1C82D52A000F8184 /* Info.plist */,
			);
			path = "Objective-C_CoreDataTests";
			sourceTree = "<group>";
		};
		4168E1341C82D52A000F8184 /* Objective-C_CoreDataUITests */ = {
			isa = PBXGroup;
			children = (
				4168E1351C82D52A000F8184 /* Objective_C_CoreDataUITests.m */,
				4168E1371C82D52A000F8184 /* Info.plist */,
			);
			path = "Objective-C_CoreDataUITests";
			sourceTree = "<group>";
		};
		4168E1431C82D7D5000F8184 /* Frameworks */ = {
			isa = PBXGroup;
			children = (
				4168E1441C82D7DB000F8184 /* CoreData.framework */,
			);
			path = Frameworks;
			sourceTree = "<group>";
		};
/* End PBXGroup section */

/* Begin PBXNativeTarget section */
		4168E1091C82D52A000F8184 /* Objective-C_CoreData */ = {
			isa = PBXNativeTarget;
			buildConfigurationList = 4168E13A1C82D52A000F8184 /* Build configuration list for PBXNativeTarget "Objective-C_CoreData" */;
			buildPhases = (
				4168E1061C82D52A000F8184 /* Sources */,
				4168E1071C82D52A000F8184 /* Frameworks */,
				4168E1081C82D52A000F8184 /* Resources */,
			);
			buildRules = (
			);
			dependencies = (
			);
			name = "Objective-C_CoreData";
			productName = "Objective-C_CoreData";
			productReference = 4168E10A1C82D52A000F8184 /* Objective-C_CoreData.app */;
			productType = "com.apple.product-type.application";
		};
		4168E1251C82D52A000F8184 /* Objective-C_CoreDataTests */ = {
			isa = PBXNativeTarget;
			buildConfigurationList = 4168E13D1C82D52A000F8184 /* Build configuration list for PBXNativeTarget "Objective-C_CoreDataTests" */;
			buildPhases = (
				4168E1221C82D52A000F8184 /* Sources */,
				4168E1231C82D52A000F8184 /* Frameworks */,
				4168E1241C82D52A000F8184 /* Resources */,
			);
			buildRules = (
			);
			dependencies = (
				4168E1281C82D52A000F8184 /* PBXTargetDependency */,
			);
			name = "Objective-C_CoreDataTests";
			productName = "Objective-C_CoreDataTests";
			productReference = 4168E1261C82D52A000F8184 /* Objective-C_CoreDataTests.xctest */;
			productType = "com.apple.product-type.bundle.unit-test";
		};
		4168E1301C82D52A000F8184 /* Objective-C_CoreDataUITests */ = {
			isa = PBXNativeTarget;
			buildConfigurationList = 4168E1401C82D52A000F8184 /* Build configuration list for PBXNativeTarget "Objective-C_CoreDataUITests" */;
			buildPhases = (
				4168E12D1C82D52A000F8184 /* Sources */,
				4168E12E1C82D52A000F8184 /* Frameworks */,
				4168E12F1C82D52A000F8184 /* Resources */,
			);
			buildRules = (
			);
			dependencies = (
				4168E1331C82D52A000F8184 /* PBXTargetDependency */,
			);
			name = "Objective-C_CoreDataUITests";
			productName = "Objective-C_CoreDataUITests";
			productReference = 4168E1311C82D52A000F8184 /* Objective-C_CoreDataUITests.xctest */;
			productType = "com.apple.product-type.bundle.ui-testing";
		};
/* End PBXNativeTarget section */

/* Begin PBXProject section */
		4168E1021C82D52A000F8184 /* Project object */ = {
			isa = PBXProject;
			attributes = {
				LastUpgradeCheck = 0720;
				ORGANIZATIONNAME = Asahi_Kuang;
				TargetAttributes = {
					4168E1091C82D52A000F8184 = {
						CreatedOnToolsVersion = 7.2;
					};
					4168E1251C82D52A000F8184 = {
						CreatedOnToolsVersion = 7.2;
						TestTargetID = 4168E1091C82D52A000F8184;
					};
					4168E1301C82D52A000F8184 = {
						CreatedOnToolsVersion = 7.2;
						TestTargetID = 4168E1091C82D52A000F8184;
					};
				};
			};
			buildConfigurationList = 4168E1051C82D52A000F8184 /* Build configuration list for PBXProject "Objective-C_CoreData" */;
			compatibilityVersion = "Xcode 3.2";
			developmentRegion = English;
			hasScannedForEncodings = 0;
			knownRegions = (
				en,
				Base,
			);
			mainGroup = 4168E1011C82D52A000F8184;
			productRefGroup = 4168E10B1C82D52A000F8184 /* Products */;
			projectDirPath = "";
			projectRoot = "";
			targets = (
				4168E1091C82D52A000F8184 /* Objective-C_CoreData */,
				4168E1251C82D52A000F8184 /* Objective-C_CoreDataTests */,
				4168E1301C82D52A000F8184 /* Objective-C_CoreDataUITests */,
			);
		};
/* End PBXProject section */

/* Begin PBXResourcesBuildPhase section */
		4168E1081C82D52A000F8184 /* Resources */ = {
			isa = PBXResourcesBuildPhase;
			buildActionMask = 2147483647;
			files = (
				4168E1201C82D52A000F8184 /* LaunchScreen.storyboard in Resources */,
				4168E11D1C82D52A000F8184 /* Assets.xcassets in Resources */,
				4168E1181C82D52A000F8184 /* Main.storyboard in Resources */,
			);
			runOnlyForDeploymentPostprocessing = 0;
		};
		4168E1241C82D52A000F8184 /* Resources */ = {
			isa = PBXResourcesBuildPhase;
			buildActionMask = 2147483647;
			files = (
			);
			runOnlyForDeploymentPostprocessing = 0;
		};
		4168E12F1C82D52A000F8184 /* Resources */ = {
			isa = PBXResourcesBuildPhase;
			buildActionMask = 2147483647;
			files = (
			);
			runOnlyForDeploymentPostprocessing = 0;
		};
/* End PBXResourcesBuildPhase section */

/* Begin PBXSourcesBuildPhase section */
		4168E1061C82D52A000F8184 /* Sources */ = {
			isa = PBXSourcesBuildPhase;
			buildActionMask = 2147483647;
			files = (
				4168E11B1C82D52A000F8184 /* Objective_C_CoreData.xcdatamodeld in Sources */,
				4168E1151C82D52A000F8184 /* ViewController.m in Sources */,
				4168E1121C82D52A000F8184 /* AppDelegate.m in Sources */,
				4168E10F1C82D52A000F8184 /* main.m in Sources */,
			);
			runOnlyForDeploymentPostprocessing = 0;
		};
		4168E1221C82D52A000F8184 /* Sources */ = {
			isa = PBXSourcesBuildPhase;
			buildActionMask = 2147483647;
			files = (
				4168E12B1C82D52A000F8184 /* Objective_C_CoreDataTests.m in Sources */,
			);
			runOnlyForDeploymentPostprocessing = 0;
		};
		4168E12D1C82D52A000F8184 /* Sources */ = {
			isa = PBXSourcesBuildPhase;
			buildActionMask = 2147483647;
			files = (
				4168E1361C82D52A000F8184 /* Objective_C_CoreDataUITests.m in Sources */,
			);
			runOnlyForDeploymentPostprocessing = 0;
		};
/* End PBXSourcesBuildPhase section */

/* Begin PBXTargetDependency section */
		4168E1281C82D52A000F8184 /* PBXTargetDependency */ = {
			isa = PBXTargetDependency;
			target = 4168E1091C82D52A000F8184 /* Objective-C_CoreData */;
			targetProxy = 4168E1271C82D52A000F8184 /* PBXContainerItemProxy */;
		};
		4168E1331C82D52A000F8184 /* PBXTargetDependency */ = {
			isa = PBXTargetDependency;
			target = 4168E1091C82D52A000F8184 /* Objective-C_CoreData */;
			targetProxy = 4168E1321C82D52A000F8184 /* PBXContainerItemProxy */;
		};
/* End PBXTargetDependency section */

/* Begin PBXVariantGroup section */
		4168E1161C82D52A000F8184 /* Main.storyboard */ = {
			isa = PBXVariantGroup;
			children = (
				4168E1171C82D52A000F8184 /* Base */,
			);
			name = Main.storyboard;
			sourceTree = "<group>";
		};
		4168E11E1C82D52A000F8184 /* LaunchScreen.storyboard */ = {
			isa = PBXVariantGroup;
			children = (
				4168E11F1C82D52A000F8184 /* Base */,
			);
			name = LaunchScreen.storyboard;
			sourceTree = "<group>";
		};
/* End PBXVariantGroup section */

/* Begin XCBuildConfiguration section */
		4168E1381C82D52A000F8184 /* Debug */ = {
			isa = XCBuildConfiguration;
			buildSettings = {
				ALWAYS_SEARCH_USER_PATHS = NO;
				CLANG_CXX_LANGUAGE_STANDARD = "gnu++0x";
				CLANG_CXX_LIBRARY = "libc++";
				CLANG_ENABLE_MODULES = YES;
				CLANG_ENABLE_OBJC_ARC = YES;
				CLANG_WARN_BOOL_CONVERSION = YES;
				CLANG_WARN_CONSTANT_CONVERSION = YES;
				CLANG_WARN_DIRECT_OBJC_ISA_USAGE = YES_ERROR;
				CLANG_WARN_EMPTY_BODY = YES;
				CLANG_WARN_ENUM_CONVERSION = YES;
				CLANG_WARN_INT_CONVERSION = YES;
				CLANG_WARN_OBJC_ROOT_CLASS = YES_ERROR;
				CLANG_WARN_UNREACHABLE_CODE = YES;
				CLANG_WARN__DUPLICATE_METHOD_MATCH = YES;
				"CODE_SIGN_IDENTITY[sdk=iphoneos*]" = "iPhone Developer";
				COPY_PHASE_STRIP = NO;
				DEBUG_INFORMATION_FORMAT = dwarf;
				ENABLE_STRICT_OBJC_MSGSEND = YES;
				ENABLE_TESTABILITY = YES;
				GCC_C_LANGUAGE_STANDARD = gnu99;
				GCC_DYNAMIC_NO_PIC = NO;
				GCC_NO_COMMON_BLOCKS = YES;
				GCC_OPTIMIZATION_LEVEL = 0;
				GCC_PREPROCESSOR_DEFINITIONS = (
					"DEBUG=1",
					"$(inherited)",
				);
				GCC_WARN_64_TO_32_BIT_CONVERSION = YES;
				GCC_WARN_ABOUT_RETURN_TYPE = YES_ERROR;
				GCC_WARN_UNDECLARED_SELECTOR = YES;
				GCC_WARN_UNINITIALIZED_AUTOS = YES_AGGRESSIVE;
				GCC_WARN_UNUSED_FUNCTION = YES;
				GCC_WARN_UNUSED_VARIABLE = YES;
				IPHONEOS_DEPLOYMENT_TARGET = 9.2;
				MTL_ENABLE_DEBUG_INFO = YES;
				ONLY_ACTIVE_ARCH = YES;
				SDKROOT = iphoneos;
			};
			name = Debug;
		};
		4168E1391C82D52A000F8184 /* Release */ = {
			isa = XCBuildConfiguration;
			buildSettings = {
				ALWAYS_SEARCH_USER_PATHS = NO;
				CLANG_CXX_LANGUAGE_STANDARD = "gnu++0x";
				CLANG_CXX_LIBRARY = "libc++";
				CLANG_ENABLE_MODULES = YES;
				CLANG_ENABLE_OBJC_ARC = YES;
				CLANG_WARN_BOOL_CONVERSION = YES;
				CLANG_WARN_CONSTANT_CONVERSION = YES;
				CLANG_WARN_DIRECT_OBJC_ISA_USAGE = YES_ERROR;
				CLANG_WARN_EMPTY_BODY = YES;
				CLANG_WARN_ENUM_CONVERSION = YES;
				CLANG_WARN_INT_CONVERSION = YES;
				CLANG_WARN_OBJC_ROOT_CLASS = YES_ERROR;
				CLANG_WARN_UNREACHABLE_CODE = YES;
				CLANG_WARN__DUPLICATE_METHOD_MATCH = YES;
				"CODE_SIGN_IDENTITY[sdk=iphoneos*]" = "iPhone Developer";
				COPY_PHASE_STRIP = NO;
				DEBUG_INFORMATION_FORMAT = "dwarf-with-dsym";
				ENABLE_NS_ASSERTIONS = NO;
				ENABLE_STRICT_OBJC_MSGSEND = YES;
				GCC_C_LANGUAGE_STANDARD = gnu99;
				GCC_NO_COMMON_BLOCKS = YES;
				GCC_WARN_64_TO_32_BIT_CONVERSION = YES;
				GCC_WARN_ABOUT_RETURN_TYPE = YES_ERROR;
				GCC_WARN_UNDECLARED_SELECTOR = YES;
				GCC_WARN_UNINITIALIZED_AUTOS = YES_AGGRESSIVE;
				GCC_WARN_UNUSED_FUNCTION = YES;
				GCC_WARN_UNUSED_VARIABLE = YES;
				IPHONEOS_DEPLOYMENT_TARGET = 9.2;
				MTL_ENABLE_DEBUG_INFO = NO;
				SDKROOT = iphoneos;
				VALIDATE_PRODUCT = YES;
			};
			name = Release;
		};
		4168E13B1C82D52A000F8184 /* Debug */ = {
			isa = XCBuildConfiguration;
			buildSettings = {
				ASSETCATALOG_COMPILER_APPICON_NAME = AppIcon;
				INFOPLIST_FILE = "Objective-C_CoreData/Info.plist";
				LD_RUNPATH_SEARCH_PATHS = "$(inherited) @executable_path/Frameworks";
				PRODUCT_BUNDLE_IDENTIFIER = "com.asahiKuang.Objective-C-CoreData";
				PRODUCT_NAME = "$(TARGET_NAME)";
			};
			name = Debug;
		};
		4168E13C1C82D52A000F8184 /* Release */ = {
			isa = XCBuildConfiguration;
			buildSettings = {
				ASSETCATALOG_COMPILER_APPICON_NAME = AppIcon;
				INFOPLIST_FILE = "Objective-C_CoreData/Info.plist";
				LD_RUNPATH_SEARCH_PATHS = "$(inherited) @executable_path/Frameworks";
				PRODUCT_BUNDLE_IDENTIFIER = "com.asahiKuang.Objective-C-CoreData";
				PRODUCT_NAME = "$(TARGET_NAME)";
			};
			name = Release;
		};
		4168E13E1C82D52A000F8184 /* Debug */ = {
			isa = XCBuildConfiguration;
			buildSettings = {
				BUNDLE_LOADER = "$(TEST_HOST)";
				INFOPLIST_FILE = "Objective-C_CoreDataTests/Info.plist";
				LD_RUNPATH_SEARCH_PATHS = "$(inherited) @executable_path/Frameworks @loader_path/Frameworks";
				PRODUCT_BUNDLE_IDENTIFIER = "com.asahiKuang.Objective-C-CoreDataTests";
				PRODUCT_NAME = "$(TARGET_NAME)";
				TEST_HOST = "$(BUILT_PRODUCTS_DIR)/Objective-C_CoreData.app/Objective-C_CoreData";
			};
			name = Debug;
		};
		4168E13F1C82D52A000F8184 /* Release */ = {
			isa = XCBuildConfiguration;
			buildSettings = {
				BUNDLE_LOADER = "$(TEST_HOST)";
				INFOPLIST_FILE = "Objective-C_CoreDataTests/Info.plist";
				LD_RUNPATH_SEARCH_PATHS = "$(inherited) @executable_path/Frameworks @loader_path/Frameworks";
				PRODUCT_BUNDLE_IDENTIFIER = "com.asahiKuang.Objective-C-CoreDataTests";
				PRODUCT_NAME = "$(TARGET_NAME)";
				TEST_HOST = "$(BUILT_PRODUCTS_DIR)/Objective-C_CoreData.app/Objective-C_CoreData";
			};
			name = Release;
		};
		4168E1411C82D52A000F8184 /* Debug */ = {
			isa = XCBuildConfiguration;
			buildSettings = {
				INFOPLIST_FILE = "Objective-C_CoreDataUITests/Info.plist";
				LD_RUNPATH_SEARCH_PATHS = "$(inherited) @executable_path/Frameworks @loader_path/Frameworks";
				PRODUCT_BUNDLE_IDENTIFIER = "com.asahiKuang.Objective-C-CoreDataUITests";
				PRODUCT_NAME = "$(TARGET_NAME)";
				TEST_TARGET_NAME = "Objective-C_CoreData";
				USES_XCTRUNNER = YES;
			};
			name = Debug;
		};
		4168E1421C82D52A000F8184 /* Release */ = {
			isa = XCBuildConfiguration;
			buildSettings = {
				INFOPLIST_FILE = "Objective-C_CoreDataUITests/Info.plist";
				LD_RUNPATH_SEARCH_PATHS = "$(inherited) @executable_path/Frameworks @loader_path/Frameworks";
				PRODUCT_BUNDLE_IDENTIFIER = "com.asahiKuang.Objective-C-CoreDataUITests";
				PRODUCT_NAME = "$(TARGET_NAME)";
				TEST_TARGET_NAME = "Objective-C_CoreData";
				USES_XCTRUNNER = YES;
			};
			name = Release;
		};
/* End XCBuildConfiguration section */

/* Begin XCConfigurationList section */
		4168E1051C82D52A000F8184 /* Build configuration list for PBXProject "Objective-C_CoreData" */ = {
			isa = XCConfigurationList;
			buildConfigurations = (
				4168E1381C82D52A000F8184 /* Debug */,
				4168E1391C82D52A000F8184 /* Release */,
			);
			defaultConfigurationIsVisible = 0;
			defaultConfigurationName = Release;
		};
		4168E13A1C82D52A000F8184 /* Build configuration list for PBXNativeTarget "Objective-C_CoreData" */ = {
			isa = XCConfigurationList;
			buildConfigurations = (
				4168E13B1C82D52A000F8184 /* Debug */,
				4168E13C1C82D52A000F8184 /* Release */,
			);
			defaultConfigurationIsVisible = 0;
		};
		4168E13D1C82D52A000F8184 /* Build configuration list for PBXNativeTarget "Objective-C_CoreDataTests" */ = {
			isa = XCConfigurationList;
			buildConfigurations = (
				4168E13E1C82D52A000F8184 /* Debug */,
				4168E13F1C82D52A000F8184 /* Release */,
			);
			defaultConfigurationIsVisible = 0;
		};
		4168E1401C82D52A000F8184 /* Build configuration list for PBXNativeTarget "Objective-C_CoreDataUITests" */ = {
			isa = XCConfigurationList;
			buildConfigurations = (
				4168E1411C82D52A000F8184 /* Debug */,
				4168E1421C82D52A000F8184 /* Release */,
			);
			defaultConfigurationIsVisible = 0;
		};
/* End XCConfigurationList section */

/* Begin XCVersionGroup section */
		4168E1191C82D52A000F8184 /* Objective_C_CoreData.xcdatamodeld */ = {
			isa = XCVersionGroup;
			children = (
				4168E11A1C82D52A000F8184 /* Objective_C_CoreData.xcdatamodel */,
			);
			currentVersion = 4168E11A1C82D52A000F8184 /* Objective_C_CoreData.xcdatamodel */;
			path = Objective_C_CoreData.xcdatamodeld;
			sourceTree = "<group>";
			versionGroupType = wrapper.xcdatamodel;
		};
/* End XCVersionGroup section */
	};
	rootObject = 4168E1021C82D52A000F8184 /* Project object */;
}
